
Microsoft Visual Studio Solution File, Format Version 12.00
# Visual Studio Version 17
VisualStudioVersion = 17.9.34701.34
MinimumVisualStudioVersion = 10.0.40219.1
Project("{9A19103F-16F7-4668-BE54-9A1E7A4F7556}") = "WebStarter", "WebStarter\WebStarter.csproj", "{61B1609B-97EE-48E4-ADA6-4F1A832B8D33}"
EndProject
Project("{9A19103F-16F7-4668-BE54-9A1E7A4F7556}") = "Repository", "Repository\Repository.csproj", "{01D2CC15-F1FD-4E22-845A-2D2473662860}"
EndProject
Project("{9A19103F-16F7-4668-BE54-9A1E7A4F7556}") = "Service", "Service\Service.csproj", "{A6C2AA7F-B2A2-4AE0-AE84-49BE36B990EC}"
EndProject
Project("{9A19103F-16F7-4668-BE54-9A1E7A4F7556}") = "WinFormStarter", "WinFormStarter\WinFormStarter.csproj", "{A6757DAD-EF5A-41FD-9323-F3FCF05ED777}"
EndProject
Project("{9A19103F-16F7-4668-BE54-9A1E7A4F7556}") = "Entity", "Entity\Entity.csproj", "{C2380814-15D4-491D-ADF2-ADC68617C3FA}"
EndProject
Project("{FAE04EC0-301F-11D3-BF4B-00C04F79EFBC}") = "ConsoleStarter", "ConsoleStarter\ConsoleStarter.csproj", "{8EAFC092-1C8A-4CF7-B283-FFCB02D58ED8}"
EndProject
Project("{2150E333-8FDC-42A3-9474-1A3956D46DE8}") = "Starter", "Starter", "{E0B949DC-17FE-414D-8898-937A317BB853}"
EndProject
Project("{FAE04EC0-301F-11D3-BF4B-00C04F79EFBC}") = "WpfStarter", "WpfStarter\WpfStarter.csproj", "{17044C11-3794-4938-BA80-C061BD871AE0}"
EndProject
Project("{2150E333-8FDC-42A3-9474-1A3956D46DE8}") = "Business", "Business", "{C9515084-B676-4C33-9FE7-E0B860493A4F}"
EndProject
Project("{FAE04EC0-301F-11D3-BF4B-00C04F79EFBC}") = "Common", "Common\Common.csproj", "{F96FA24C-1615-452C-94FE-A1A3389E1F42}"
EndProject
Global
	GlobalSection(SolutionConfigurationPlatforms) = preSolution
		Debug|Any CPU = Debug|Any CPU
		Release|Any CPU = Release|Any CPU
	EndGlobalSection
	GlobalSection(ProjectConfigurationPlatforms) = postSolution
		{61B1609B-97EE-48E4-ADA6-4F1A832B8D33}.Debug|Any CPU.ActiveCfg = Debug|Any CPU
		{61B1609B-97EE-48E4-ADA6-4F1A832B8D33}.Debug|Any CPU.Build.0 = Debug|Any CPU
		{61B1609B-97EE-48E4-ADA6-4F1A832B8D33}.Release|Any CPU.ActiveCfg = Release|Any CPU
		{61B1609B-97EE-48E4-ADA6-4F1A832B8D33}.Release|Any CPU.Build.0 = Release|Any CPU
		{01D2CC15-F1FD-4E22-845A-2D2473662860}.Debug|Any CPU.ActiveCfg = Debug|Any CPU
		{01D2CC15-F1FD-4E22-845A-2D2473662860}.Debug|Any CPU.Build.0 = Debug|Any CPU
		{01D2CC15-F1FD-4E22-845A-2D2473662860}.Release|Any CPU.ActiveCfg = Release|Any CPU
		{01D2CC15-F1FD-4E22-845A-2D2473662860}.Release|Any CPU.Build.0 = Release|Any CPU
		{A6C2AA7F-B2A2-4AE0-AE84-49BE36B990EC}.Debug|Any CPU.ActiveCfg = Debug|Any CPU
		{A6C2AA7F-B2A2-4AE0-AE84-49BE36B990EC}.Debug|Any CPU.Build.0 = Debug|Any CPU
		{A6C2AA7F-B2A2-4AE0-AE84-49BE36B990EC}.Release|Any CPU.ActiveCfg = Release|Any CPU
		{A6C2AA7F-B2A2-4AE0-AE84-49BE36B990EC}.Release|Any CPU.Build.0 = Release|Any CPU
		{A6757DAD-EF5A-41FD-9323-F3FCF05ED777}.Debug|Any CPU.ActiveCfg = Debug|Any CPU
		{A6757DAD-EF5A-41FD-9323-F3FCF05ED777}.Debug|Any CPU.Build.0 = Debug|Any CPU
		{A6757DAD-EF5A-41FD-9323-F3FCF05ED777}.Release|Any CPU.ActiveCfg = Release|Any CPU
		{A6757DAD-EF5A-41FD-9323-F3FCF05ED777}.Release|Any CPU.Build.0 = Release|Any CPU
		{C2380814-15D4-491D-ADF2-ADC68617C3FA}.Debug|Any CPU.ActiveCfg = Debug|Any CPU
		{C2380814-15D4-491D-ADF2-ADC68617C3FA}.Debug|Any CPU.Build.0 = Debug|Any CPU
		{C2380814-15D4-491D-ADF2-ADC68617C3FA}.Release|Any CPU.ActiveCfg = Release|Any CPU
		{C2380814-15D4-491D-ADF2-ADC68617C3FA}.Release|Any CPU.Build.0 = Release|Any CPU
		{8EAFC092-1C8A-4CF7-B283-FFCB02D58ED8}.Debug|Any CPU.ActiveCfg = Debug|Any CPU
		{8EAFC092-1C8A-4CF7-B283-FFCB02D58ED8}.Debug|Any CPU.Build.0 = Debug|Any CPU
		{8EAFC092-1C8A-4CF7-B283-FFCB02D58ED8}.Release|Any CPU.ActiveCfg = Release|Any CPU
		{8EAFC092-1C8A-4CF7-B283-FFCB02D58ED8}.Release|Any CPU.Build.0 = Release|Any CPU
		{17044C11-3794-4938-BA80-C061BD871AE0}.Debug|Any CPU.ActiveCfg = Debug|Any CPU
		{17044C11-3794-4938-BA80-C061BD871AE0}.Debug|Any CPU.Build.0 = Debug|Any CPU
		{17044C11-3794-4938-BA80-C061BD871AE0}.Release|Any CPU.ActiveCfg = Release|Any CPU
		{17044C11-3794-4938-BA80-C061BD871AE0}.Release|Any CPU.Build.0 = Release|Any CPU
		{F96FA24C-1615-452C-94FE-A1A3389E1F42}.Debug|Any CPU.ActiveCfg = Debug|Any CPU
		{F96FA24C-1615-452C-94FE-A1A3389E1F42}.Debug|Any CPU.Build.0 = Debug|Any CPU
		{F96FA24C-1615-452C-94FE-A1A3389E1F42}.Release|Any CPU.ActiveCfg = Release|Any CPU
		{F96FA24C-1615-452C-94FE-A1A3389E1F42}.Release|Any CPU.Build.0 = Release|Any CPU
	EndGlobalSection
	GlobalSection(SolutionProperties) = preSolution
		HideSolutionNode = FALSE
	EndGlobalSection
	GlobalSection(NestedProjects) = preSolution
		{8EAFC092-1C8A-4CF7-B283-FFCB02D58ED8} = {E0B949DC-17FE-414D-8898-937A317BB853}
		{17044C11-3794-4938-BA80-C061BD871AE0} = {E0B949DC-17FE-414D-8898-937A317BB853}
		{61B1609B-97EE-48E4-ADA6-4F1A832B8D33} = {E0B949DC-17FE-414D-8898-937A317BB853}
		{A6757DAD-EF5A-41FD-9323-F3FCF05ED777} = {E0B949DC-17FE-414D-8898-937A317BB853}
		{C2380814-15D4-491D-ADF2-ADC68617C3FA} = {C9515084-B676-4C33-9FE7-E0B860493A4F}
		{01D2CC15-F1FD-4E22-845A-2D2473662860} = {C9515084-B676-4C33-9FE7-E0B860493A4F}
		{A6C2AA7F-B2A2-4AE0-AE84-49BE36B990EC} = {C9515084-B676-4C33-9FE7-E0B860493A4F}
		{F96FA24C-1615-452C-94FE-A1A3389E1F42} = {C9515084-B676-4C33-9FE7-E0B860493A4F}
	EndGlobalSection
	GlobalSection(ExtensibilityGlobals) = postSolution
		SolutionGuid = {3E10BF3D-9914-44B1-A6AA-FCF013C3F155}
	EndGlobalSection
EndGlobal
